
Microsoft Visual Studio Solution File, Format Version 12.00
# Visual Studio 15
VisualStudioVersion = 15.0.26124.0
MinimumVisualStudioVersion = 15.0.26124.0
Project("{9A19103F-16F7-4668-BE54-9A1E7A4F7556}") = "R5T.D0018.Construction", "R5T.D0018.Construction\R5T.D0018.Construction.csproj", "{837303C7-E587-4F89-AC8E-9F9E4B3FCFBB}"
EndProject
Project("{9A19103F-16F7-4668-BE54-9A1E7A4F7556}") = "R5T.D0018", "R5T.D0018\R5T.D0018.csproj", "{4385CAD7-5B2F-4595-A710-96C62B5CF3D3}"
EndProject
Project("{FAE04EC0-301F-11D3-BF4B-00C04F79EFBC}") = "R5T.D0018.Base", "R5T.D0018.Base\R5T.D0018.Base.csproj", "{9130426D-667E-43FE-BEB6-32FF2867B402}"
EndProject
Project("{2150E333-8FDC-42A3-9474-1A3956D46DE8}") = "_Dependencies", "_Dependencies", "{8C9022E2-80EC-45FA-A42A-8B51545E5200}"
EndProject
Project("{9A19103F-16F7-4668-BE54-9A1E7A4F7556}") = "R5T.T0002", "..\..\R5T.T0002\source\R5T.T0002\R5T.T0002.csproj", "{4C51BFB4-3C3D-44B9-AD7F-29FA837B1099}"
EndProject
Project("{9A19103F-16F7-4668-BE54-9A1E7A4F7556}") = "R5T.Ostersund", "..\..\R5T.Ostersund\source\R5T.Ostersund\R5T.Ostersund.csproj", "{3190BCF8-25D7-473C-A3F7-7A351BA2B1A9}"
EndProject
Project("{9A19103F-16F7-4668-BE54-9A1E7A4F7556}") = "R5T.T0003", "..\..\R5T.T0003\source\R5T.T0003\R5T.T0003.csproj", "{D9DD2939-DE10-4405-A0F8-B9006490BEB1}"
EndProject
Global
	GlobalSection(SolutionConfigurationPlatforms) = preSolution
		Debug|Any CPU = Debug|Any CPU
		Debug|x64 = Debug|x64
		Debug|x86 = Debug|x86
		Release|Any CPU = Release|Any CPU
		Release|x64 = Release|x64
		Release|x86 = Release|x86
	EndGlobalSection
	GlobalSection(ProjectConfigurationPlatforms) = postSolution
		{837303C7-E587-4F89-AC8E-9F9E4B3FCFBB}.Debug|Any CPU.ActiveCfg = Debug|Any CPU
		{837303C7-E587-4F89-AC8E-9F9E4B3FCFBB}.Debug|Any CPU.Build.0 = Debug|Any CPU
		{837303C7-E587-4F89-AC8E-9F9E4B3FCFBB}.Debug|x64.ActiveCfg = Debug|Any CPU
		{837303C7-E587-4F89-AC8E-9F9E4B3FCFBB}.Debug|x64.Build.0 = Debug|Any CPU
		{837303C7-E587-4F89-AC8E-9F9E4B3FCFBB}.Debug|x86.ActiveCfg = Debug|Any CPU
		{837303C7-E587-4F89-AC8E-9F9E4B3FCFBB}.Debug|x86.Build.0 = Debug|Any CPU
		{837303C7-E587-4F89-AC8E-9F9E4B3FCFBB}.Release|Any CPU.ActiveCfg = Release|Any CPU
		{837303C7-E587-4F89-AC8E-9F9E4B3FCFBB}.Release|Any CPU.Build.0 = Release|Any CPU
		{837303C7-E587-4F89-AC8E-9F9E4B3FCFBB}.Release|x64.ActiveCfg = Release|Any CPU
		{837303C7-E587-4F89-AC8E-9F9E4B3FCFBB}.Release|x64.Build.0 = Release|Any CPU
		{837303C7-E587-4F89-AC8E-9F9E4B3FCFBB}.Release|x86.ActiveCfg = Release|Any CPU
		{837303C7-E587-4F89-AC8E-9F9E4B3FCFBB}.Release|x86.Build.0 = Release|Any CPU
		{4385CAD7-5B2F-4595-A710-96C62B5CF3D3}.Debug|Any CPU.ActiveCfg = Debug|Any CPU
		{4385CAD7-5B2F-4595-A710-96C62B5CF3D3}.Debug|Any CPU.Build.0 = Debug|Any CPU
		{4385CAD7-5B2F-4595-A710-96C62B5CF3D3}.Debug|x64.ActiveCfg = Debug|Any CPU
		{4385CAD7-5B2F-4595-A710-96C62B5CF3D3}.Debug|x64.Build.0 = Debug|Any CPU
		{4385CAD7-5B2F-4595-A710-96C62B5CF3D3}.Debug|x86.ActiveCfg = Debug|Any CPU
		{4385CAD7-5B2F-4595-A710-96C62B5CF3D3}.Debug|x86.Build.0 = Debug|Any CPU
		{4385CAD7-5B2F-4595-A710-96C62B5CF3D3}.Release|Any CPU.ActiveCfg = Release|Any CPU
		{4385CAD7-5B2F-4595-A710-96C62B5CF3D3}.Release|Any CPU.Build.0 = Release|Any CPU
		{4385CAD7-5B2F-4595-A710-96C62B5CF3D3}.Release|x64.ActiveCfg = Release|Any CPU
		{4385CAD7-5B2F-4595-A710-96C62B5CF3D3}.Release|x64.Build.0 = Release|Any CPU
		{4385CAD7-5B2F-4595-A710-96C62B5CF3D3}.Release|x86.ActiveCfg = Release|Any CPU
		{4385CAD7-5B2F-4595-A710-96C62B5CF3D3}.Release|x86.Build.0 = Release|Any CPU
		{9130426D-667E-43FE-BEB6-32FF2867B402}.Debug|Any CPU.ActiveCfg = Debug|Any CPU
		{9130426D-667E-43FE-BEB6-32FF2867B402}.Debug|Any CPU.Build.0 = Debug|Any CPU
		{9130426D-667E-43FE-BEB6-32FF2867B402}.Debug|x64.ActiveCfg = Debug|Any CPU
		{9130426D-667E-43FE-BEB6-32FF2867B402}.Debug|x64.Build.0 = Debug|Any CPU
		{9130426D-667E-43FE-BEB6-32FF2867B402}.Debug|x86.ActiveCfg = Debug|Any CPU
		{9130426D-667E-43FE-BEB6-32FF2867B402}.Debug|x86.Build.0 = Debug|Any CPU
		{9130426D-667E-43FE-BEB6-32FF2867B402}.Release|Any CPU.ActiveCfg = Release|Any CPU
		{9130426D-667E-43FE-BEB6-32FF2867B402}.Release|Any CPU.Build.0 = Release|Any CPU
		{9130426D-667E-43FE-BEB6-32FF2867B402}.Release|x64.ActiveCfg = Release|Any CPU
		{9130426D-667E-43FE-BEB6-32FF2867B402}.Release|x64.Build.0 = Release|Any CPU
		{9130426D-667E-43FE-BEB6-32FF2867B402}.Release|x86.ActiveCfg = Release|Any CPU
		{9130426D-667E-43FE-BEB6-32FF2867B402}.Release|x86.Build.0 = Release|Any CPU
		{4C51BFB4-3C3D-44B9-AD7F-29FA837B1099}.Debug|Any CPU.ActiveCfg = Debug|Any CPU
		{4C51BFB4-3C3D-44B9-AD7F-29FA837B1099}.Debug|Any CPU.Build.0 = Debug|Any CPU
		{4C51BFB4-3C3D-44B9-AD7F-29FA837B1099}.Debug|x64.ActiveCfg = Debug|Any CPU
		{4C51BFB4-3C3D-44B9-AD7F-29FA837B1099}.Debug|x64.Build.0 = Debug|Any CPU
		{4C51BFB4-3C3D-44B9-AD7F-29FA837B1099}.Debug|x86.ActiveCfg = Debug|Any CPU
		{4C51BFB4-3C3D-44B9-AD7F-29FA837B1099}.Debug|x86.Build.0 = Debug|Any CPU
		{4C51BFB4-3C3D-44B9-AD7F-29FA837B1099}.Release|Any CPU.ActiveCfg = Release|Any CPU
		{4C51BFB4-3C3D-44B9-AD7F-29FA837B1099}.Release|Any CPU.Build.0 = Release|Any CPU
		{4C51BFB4-3C3D-44B9-AD7F-29FA837B1099}.Release|x64.ActiveCfg = Release|Any CPU
		{4C51BFB4-3C3D-44B9-AD7F-29FA837B1099}.Release|x64.Build.0 = Release|Any CPU
		{4C51BFB4-3C3D-44B9-AD7F-29FA837B1099}.Release|x86.ActiveCfg = Release|Any CPU
		{4C51BFB4-3C3D-44B9-AD7F-29FA837B1099}.Release|x86.Build.0 = Release|Any CPU
		{3190BCF8-25D7-473C-A3F7-7A351BA2B1A9}.Debug|Any CPU.ActiveCfg = Debug|Any CPU
		{3190BCF8-25D7-473C-A3F7-7A351BA2B1A9}.Debug|Any CPU.Build.0 = Debug|Any CPU
		{3190BCF8-25D7-473C-A3F7-7A351BA2B1A9}.Debug|x64.ActiveCfg = Debug|Any CPU
		{3190BCF8-25D7-473C-A3F7-7A351BA2B1A9}.Debug|x64.Build.0 = Debug|Any CPU
		{3190BCF8-25D7-473C-A3F7-7A351BA2B1A9}.Debug|x86.ActiveCfg = Debug|Any CPU
		{3190BCF8-25D7-473C-A3F7-7A351BA2B1A9}.Debug|x86.Build.0 = Debug|Any CPU
		{3190BCF8-25D7-473C-A3F7-7A351BA2B1A9}.Release|Any CPU.ActiveCfg = Release|Any CPU
		{3190BCF8-25D7-473C-A3F7-7A351BA2B1A9}.Release|Any CPU.Build.0 = Release|Any CPU
		{3190BCF8-25D7-473C-A3F7-7A351BA2B1A9}.Release|x64.ActiveCfg = Release|Any CPU
		{3190BCF8-25D7-473C-A3F7-7A351BA2B1A9}.Release|x64.Build.0 = Release|Any CPU
		{3190BCF8-25D7-473C-A3F7-7A351BA2B1A9}.Release|x86.ActiveCfg = Release|Any CPU
		{3190BCF8-25D7-473C-A3F7-7A351BA2B1A9}.Release|x86.Build.0 = Release|Any CPU
		{D9DD2939-DE10-4405-A0F8-B9006490BEB1}.Debug|Any CPU.ActiveCfg = Debug|Any CPU
		{D9DD2939-DE10-4405-A0F8-B9006490BEB1}.Debug|Any CPU.Build.0 = Debug|Any CPU
		{D9DD2939-DE10-4405-A0F8-B9006490BEB1}.Debug|x64.ActiveCfg = Debug|Any CPU
		{D9DD2939-DE10-4405-A0F8-B9006490BEB1}.Debug|x64.Build.0 = Debug|Any CPU
		{D9DD2939-DE10-4405-A0F8-B9006490BEB1}.Debug|x86.ActiveCfg = Debug|Any CPU
		{D9DD2939-DE10-4405-A0F8-B9006490BEB1}.Debug|x86.Build.0 = Debug|Any CPU
		{D9DD2939-DE10-4405-A0F8-B9006490BEB1}.Release|Any CPU.ActiveCfg = Release|Any CPU
		{D9DD2939-DE10-4405-A0F8-B9006490BEB1}.Release|Any CPU.Build.0 = Release|Any CPU
		{D9DD2939-DE10-4405-A0F8-B9006490BEB1}.Release|x64.ActiveCfg = Release|Any CPU
		{D9DD2939-DE10-4405-A0F8-B9006490BEB1}.Release|x64.Build.0 = Release|Any CPU
		{D9DD2939-DE10-4405-A0F8-B9006490BEB1}.Release|x86.ActiveCfg = Release|Any CPU
		{D9DD2939-DE10-4405-A0F8-B9006490BEB1}.Release|x86.Build.0 = Release|Any CPU
	EndGlobalSection
	GlobalSection(SolutionProperties) = preSolution
		HideSolutionNode = FALSE
	EndGlobalSection
	GlobalSection(NestedProjects) = preSolution
		{4C51BFB4-3C3D-44B9-AD7F-29FA837B1099} = {8C9022E2-80EC-45FA-A42A-8B51545E5200}
		{3190BCF8-25D7-473C-A3F7-7A351BA2B1A9} = {8C9022E2-80EC-45FA-A42A-8B51545E5200}
		{D9DD2939-DE10-4405-A0F8-B9006490BEB1} = {8C9022E2-80EC-45FA-A42A-8B51545E5200}
	EndGlobalSection
	GlobalSection(ExtensibilityGlobals) = postSolution
		SolutionGuid = {37758BFD-959D-44E3-AFED-8CF4FEA01F32}
	EndGlobalSection
EndGlobal
