
Microsoft Visual Studio Solution File, Format Version 12.00
# Visual Studio Version 16
VisualStudioVersion = 16.0.30114.105
MinimumVisualStudioVersion = 10.0.40219.1
Project("{FAE04EC0-301F-11D3-BF4B-00C04F79EFBC}") = "R5T.D0018", "R5T.D0018\R5T.D0018.csproj", "{FCD020AB-36BA-4A97-83C3-B943968E53DA}"
EndProject
Project("{FAE04EC0-301F-11D3-BF4B-00C04F79EFBC}") = "R5T.D0018.Base", "R5T.D0018.Base\R5T.D0018.Base.csproj", "{8BBE7898-BE61-466A-95AB-B9FEE64BD24B}"
EndProject
Project("{FAE04EC0-301F-11D3-BF4B-00C04F79EFBC}") = "R5T.D0018.Construction", "R5T.D0018.Construction\R5T.D0018.Construction.csproj", "{C31D575C-2148-461A-8701-61F1ED2F794A}"
EndProject
Project("{FAE04EC0-301F-11D3-BF4B-00C04F79EFBC}") = "R5T.D0018.I0001", "R5T.D0018.I0001\R5T.D0018.I0001.csproj", "{221FEEEA-8F45-4C0A-8077-E6FF7CEADC74}"
EndProject
Global
	GlobalSection(SolutionConfigurationPlatforms) = preSolution
		Debug|Any CPU = Debug|Any CPU
		Debug|x64 = Debug|x64
		Debug|x86 = Debug|x86
		Release|Any CPU = Release|Any CPU
		Release|x64 = Release|x64
		Release|x86 = Release|x86
	EndGlobalSection
	GlobalSection(SolutionProperties) = preSolution
		HideSolutionNode = FALSE
	EndGlobalSection
	GlobalSection(ProjectConfigurationPlatforms) = postSolution
		{FCD020AB-36BA-4A97-83C3-B943968E53DA}.Debug|Any CPU.ActiveCfg = Debug|Any CPU
		{FCD020AB-36BA-4A97-83C3-B943968E53DA}.Debug|Any CPU.Build.0 = Debug|Any CPU
		{FCD020AB-36BA-4A97-83C3-B943968E53DA}.Debug|x64.ActiveCfg = Debug|Any CPU
		{FCD020AB-36BA-4A97-83C3-B943968E53DA}.Debug|x64.Build.0 = Debug|Any CPU
		{FCD020AB-36BA-4A97-83C3-B943968E53DA}.Debug|x86.ActiveCfg = Debug|Any CPU
		{FCD020AB-36BA-4A97-83C3-B943968E53DA}.Debug|x86.Build.0 = Debug|Any CPU
		{FCD020AB-36BA-4A97-83C3-B943968E53DA}.Release|Any CPU.ActiveCfg = Release|Any CPU
		{FCD020AB-36BA-4A97-83C3-B943968E53DA}.Release|Any CPU.Build.0 = Release|Any CPU
		{FCD020AB-36BA-4A97-83C3-B943968E53DA}.Release|x64.ActiveCfg = Release|Any CPU
		{FCD020AB-36BA-4A97-83C3-B943968E53DA}.Release|x64.Build.0 = Release|Any CPU
		{FCD020AB-36BA-4A97-83C3-B943968E53DA}.Release|x86.ActiveCfg = Release|Any CPU
		{FCD020AB-36BA-4A97-83C3-B943968E53DA}.Release|x86.Build.0 = Release|Any CPU
		{8BBE7898-BE61-466A-95AB-B9FEE64BD24B}.Debug|Any CPU.ActiveCfg = Debug|Any CPU
		{8BBE7898-BE61-466A-95AB-B9FEE64BD24B}.Debug|Any CPU.Build.0 = Debug|Any CPU
		{8BBE7898-BE61-466A-95AB-B9FEE64BD24B}.Debug|x64.ActiveCfg = Debug|Any CPU
		{8BBE7898-BE61-466A-95AB-B9FEE64BD24B}.Debug|x64.Build.0 = Debug|Any CPU
		{8BBE7898-BE61-466A-95AB-B9FEE64BD24B}.Debug|x86.ActiveCfg = Debug|Any CPU
		{8BBE7898-BE61-466A-95AB-B9FEE64BD24B}.Debug|x86.Build.0 = Debug|Any CPU
		{8BBE7898-BE61-466A-95AB-B9FEE64BD24B}.Release|Any CPU.ActiveCfg = Release|Any CPU
		{8BBE7898-BE61-466A-95AB-B9FEE64BD24B}.Release|Any CPU.Build.0 = Release|Any CPU
		{8BBE7898-BE61-466A-95AB-B9FEE64BD24B}.Release|x64.ActiveCfg = Release|Any CPU
		{8BBE7898-BE61-466A-95AB-B9FEE64BD24B}.Release|x64.Build.0 = Release|Any CPU
		{8BBE7898-BE61-466A-95AB-B9FEE64BD24B}.Release|x86.ActiveCfg = Release|Any CPU
		{8BBE7898-BE61-466A-95AB-B9FEE64BD24B}.Release|x86.Build.0 = Release|Any CPU
		{C31D575C-2148-461A-8701-61F1ED2F794A}.Debug|Any CPU.ActiveCfg = Debug|Any CPU
		{C31D575C-2148-461A-8701-61F1ED2F794A}.Debug|Any CPU.Build.0 = Debug|Any CPU
		{C31D575C-2148-461A-8701-61F1ED2F794A}.Debug|x64.ActiveCfg = Debug|Any CPU
		{C31D575C-2148-461A-8701-61F1ED2F794A}.Debug|x64.Build.0 = Debug|Any CPU
		{C31D575C-2148-461A-8701-61F1ED2F794A}.Debug|x86.ActiveCfg = Debug|Any CPU
		{C31D575C-2148-461A-8701-61F1ED2F794A}.Debug|x86.Build.0 = Debug|Any CPU
		{C31D575C-2148-461A-8701-61F1ED2F794A}.Release|Any CPU.ActiveCfg = Release|Any CPU
		{C31D575C-2148-461A-8701-61F1ED2F794A}.Release|Any CPU.Build.0 = Release|Any CPU
		{C31D575C-2148-461A-8701-61F1ED2F794A}.Release|x64.ActiveCfg = Release|Any CPU
		{C31D575C-2148-461A-8701-61F1ED2F794A}.Release|x64.Build.0 = Release|Any CPU
		{C31D575C-2148-461A-8701-61F1ED2F794A}.Release|x86.ActiveCfg = Release|Any CPU
		{C31D575C-2148-461A-8701-61F1ED2F794A}.Release|x86.Build.0 = Release|Any CPU
		{221FEEEA-8F45-4C0A-8077-E6FF7CEADC74}.Debug|Any CPU.ActiveCfg = Debug|Any CPU
		{221FEEEA-8F45-4C0A-8077-E6FF7CEADC74}.Debug|Any CPU.Build.0 = Debug|Any CPU
		{221FEEEA-8F45-4C0A-8077-E6FF7CEADC74}.Debug|x64.ActiveCfg = Debug|Any CPU
		{221FEEEA-8F45-4C0A-8077-E6FF7CEADC74}.Debug|x64.Build.0 = Debug|Any CPU
		{221FEEEA-8F45-4C0A-8077-E6FF7CEADC74}.Debug|x86.ActiveCfg = Debug|Any CPU
		{221FEEEA-8F45-4C0A-8077-E6FF7CEADC74}.Debug|x86.Build.0 = Debug|Any CPU
		{221FEEEA-8F45-4C0A-8077-E6FF7CEADC74}.Release|Any CPU.ActiveCfg = Release|Any CPU
		{221FEEEA-8F45-4C0A-8077-E6FF7CEADC74}.Release|Any CPU.Build.0 = Release|Any CPU
		{221FEEEA-8F45-4C0A-8077-E6FF7CEADC74}.Release|x64.ActiveCfg = Release|Any CPU
		{221FEEEA-8F45-4C0A-8077-E6FF7CEADC74}.Release|x64.Build.0 = Release|Any CPU
		{221FEEEA-8F45-4C0A-8077-E6FF7CEADC74}.Release|x86.ActiveCfg = Release|Any CPU
		{221FEEEA-8F45-4C0A-8077-E6FF7CEADC74}.Release|x86.Build.0 = Release|Any CPU
	EndGlobalSection
EndGlobal
