
Microsoft Visual Studio Solution File, Format Version 12.00
# Visual Studio 15
VisualStudioVersion = 15.0.26124.0
MinimumVisualStudioVersion = 15.0.26124.0
Project("{9A19103F-16F7-4668-BE54-9A1E7A4F7556}") = "R5T.D0018.Construction", "R5T.D0018.Construction\R5T.D0018.Construction.csproj", "{837303C7-E587-4F89-AC8E-9F9E4B3FCFBB}"
EndProject
Project("{9A19103F-16F7-4668-BE54-9A1E7A4F7556}") = "R5T.D0018", "R5T.D0018\R5T.D0018.csproj", "{4385CAD7-5B2F-4595-A710-96C62B5CF3D3}"
EndProject
Project("{9A19103F-16F7-4668-BE54-9A1E7A4F7556}") = "R5T.D0018.Base", "R5T.D0018.Base\R5T.D0018.Base.csproj", "{9130426D-667E-43FE-BEB6-32FF2867B402}"
EndProject
Project("{2150E333-8FDC-42A3-9474-1A3956D46DE8}") = "_Dependencies", "_Dependencies", "{8C9022E2-80EC-45FA-A42A-8B51545E5200}"
EndProject
Project("{9A19103F-16F7-4668-BE54-9A1E7A4F7556}") = "R5T.T0002", "..\..\R5T.T0002\source\R5T.T0002\R5T.T0002.csproj", "{4C51BFB4-3C3D-44B9-AD7F-29FA837B1099}"
EndProject
Project("{9A19103F-16F7-4668-BE54-9A1E7A4F7556}") = "R5T.Ostersund", "..\..\R5T.Ostersund\source\R5T.Ostersund\R5T.Ostersund.csproj", "{3190BCF8-25D7-473C-A3F7-7A351BA2B1A9}"
EndProject
Project("{9A19103F-16F7-4668-BE54-9A1E7A4F7556}") = "R5T.T0003", "..\..\R5T.T0003\source\R5T.T0003\R5T.T0003.csproj", "{D9DD2939-DE10-4405-A0F8-B9006490BEB1}"
EndProject
Project("{9A19103F-16F7-4668-BE54-9A1E7A4F7556}") = "R5T.D0018.I0001", "R5T.D0018.I0001\R5T.D0018.I0001.csproj", "{201BAF6C-F6A3-40BA-90FB-3E05BCADC553}"
EndProject
Project("{9A19103F-16F7-4668-BE54-9A1E7A4F7556}") = "R5T.T0004", "..\..\R5T.T0004\source\R5T.T0004\R5T.T0004.csproj", "{7A294CEA-1B28-4A73-ACA4-3A1D876B0CEF}"
EndProject
Project("{9A19103F-16F7-4668-BE54-9A1E7A4F7556}") = "R5T.T0005", "..\..\R5T.T0005\source\R5T.T0005\R5T.T0005.csproj", "{F75FA757-9231-4FB6-8F76-E26F0B7ADCA3}"
EndProject
Project("{9A19103F-16F7-4668-BE54-9A1E7A4F7556}") = "R5T.Amphipolis", "..\..\R5T.Amphipolis\source\R5T.Amphipolis\R5T.Amphipolis.csproj", "{B2BD361E-E70F-4885-95FC-A71001B8E503}"
EndProject
Project("{9A19103F-16F7-4668-BE54-9A1E7A4F7556}") = "R5T.Magyar", "..\..\R5T.Magyar\source\R5T.Magyar\R5T.Magyar.csproj", "{6ADBDE25-8449-4450-AE9B-E0BAF36EE776}"
EndProject
Project("{9A19103F-16F7-4668-BE54-9A1E7A4F7556}") = "R5T.T0006", "..\..\R5T.T0006\source\R5T.T0006\R5T.T0006.csproj", "{453D6B78-6925-4B25-89CC-689F002BDFC0}"
EndProject
Project("{9A19103F-16F7-4668-BE54-9A1E7A4F7556}") = "R5T.Ostersund.Extensions", "..\..\R5T.Ostersund\source\R5T.Ostersund.Extensions\R5T.Ostersund.Extensions.csproj", "{235EAE89-E834-4347-B091-4B62F70ECC5C}"
EndProject
Project("{9A19103F-16F7-4668-BE54-9A1E7A4F7556}") = "R5T.Angleterria", "..\..\R5T.Angleterria\source\R5T.Angleterria\R5T.Angleterria.csproj", "{BBDC6C35-466C-4903-B158-EB4E3B91EBD6}"
EndProject
Project("{9A19103F-16F7-4668-BE54-9A1E7A4F7556}") = "R5T.Dacia.Extensions", "..\..\R5T.Dacia.Extensions\source\R5T.Dacia.Extensions\R5T.Dacia.Extensions.csproj", "{8838C3AB-316E-45EF-B8F5-0C7C48B6AC63}"
EndProject
Project("{9A19103F-16F7-4668-BE54-9A1E7A4F7556}") = "R5T.Dacia", "..\..\R5T.Dacia\source\R5T.Dacia\R5T.Dacia.csproj", "{22C63200-F876-41E8-83E0-EAAFD143C513}"
EndProject
Global
	GlobalSection(SolutionConfigurationPlatforms) = preSolution
		Debug|Any CPU = Debug|Any CPU
		Debug|x64 = Debug|x64
		Debug|x86 = Debug|x86
		Release|Any CPU = Release|Any CPU
		Release|x64 = Release|x64
		Release|x86 = Release|x86
	EndGlobalSection
	GlobalSection(ProjectConfigurationPlatforms) = postSolution
		{837303C7-E587-4F89-AC8E-9F9E4B3FCFBB}.Debug|Any CPU.ActiveCfg = Debug|Any CPU
		{837303C7-E587-4F89-AC8E-9F9E4B3FCFBB}.Debug|Any CPU.Build.0 = Debug|Any CPU
		{837303C7-E587-4F89-AC8E-9F9E4B3FCFBB}.Debug|x64.ActiveCfg = Debug|Any CPU
		{837303C7-E587-4F89-AC8E-9F9E4B3FCFBB}.Debug|x64.Build.0 = Debug|Any CPU
		{837303C7-E587-4F89-AC8E-9F9E4B3FCFBB}.Debug|x86.ActiveCfg = Debug|Any CPU
		{837303C7-E587-4F89-AC8E-9F9E4B3FCFBB}.Debug|x86.Build.0 = Debug|Any CPU
		{837303C7-E587-4F89-AC8E-9F9E4B3FCFBB}.Release|Any CPU.ActiveCfg = Release|Any CPU
		{837303C7-E587-4F89-AC8E-9F9E4B3FCFBB}.Release|Any CPU.Build.0 = Release|Any CPU
		{837303C7-E587-4F89-AC8E-9F9E4B3FCFBB}.Release|x64.ActiveCfg = Release|Any CPU
		{837303C7-E587-4F89-AC8E-9F9E4B3FCFBB}.Release|x64.Build.0 = Release|Any CPU
		{837303C7-E587-4F89-AC8E-9F9E4B3FCFBB}.Release|x86.ActiveCfg = Release|Any CPU
		{837303C7-E587-4F89-AC8E-9F9E4B3FCFBB}.Release|x86.Build.0 = Release|Any CPU
		{4385CAD7-5B2F-4595-A710-96C62B5CF3D3}.Debug|Any CPU.ActiveCfg = Debug|Any CPU
		{4385CAD7-5B2F-4595-A710-96C62B5CF3D3}.Debug|Any CPU.Build.0 = Debug|Any CPU
		{4385CAD7-5B2F-4595-A710-96C62B5CF3D3}.Debug|x64.ActiveCfg = Debug|Any CPU
		{4385CAD7-5B2F-4595-A710-96C62B5CF3D3}.Debug|x64.Build.0 = Debug|Any CPU
		{4385CAD7-5B2F-4595-A710-96C62B5CF3D3}.Debug|x86.ActiveCfg = Debug|Any CPU
		{4385CAD7-5B2F-4595-A710-96C62B5CF3D3}.Debug|x86.Build.0 = Debug|Any CPU
		{4385CAD7-5B2F-4595-A710-96C62B5CF3D3}.Release|Any CPU.ActiveCfg = Release|Any CPU
		{4385CAD7-5B2F-4595-A710-96C62B5CF3D3}.Release|Any CPU.Build.0 = Release|Any CPU
		{4385CAD7-5B2F-4595-A710-96C62B5CF3D3}.Release|x64.ActiveCfg = Release|Any CPU
		{4385CAD7-5B2F-4595-A710-96C62B5CF3D3}.Release|x64.Build.0 = Release|Any CPU
		{4385CAD7-5B2F-4595-A710-96C62B5CF3D3}.Release|x86.ActiveCfg = Release|Any CPU
		{4385CAD7-5B2F-4595-A710-96C62B5CF3D3}.Release|x86.Build.0 = Release|Any CPU
		{9130426D-667E-43FE-BEB6-32FF2867B402}.Debug|Any CPU.ActiveCfg = Debug|Any CPU
		{9130426D-667E-43FE-BEB6-32FF2867B402}.Debug|Any CPU.Build.0 = Debug|Any CPU
		{9130426D-667E-43FE-BEB6-32FF2867B402}.Debug|x64.ActiveCfg = Debug|Any CPU
		{9130426D-667E-43FE-BEB6-32FF2867B402}.Debug|x64.Build.0 = Debug|Any CPU
		{9130426D-667E-43FE-BEB6-32FF2867B402}.Debug|x86.ActiveCfg = Debug|Any CPU
		{9130426D-667E-43FE-BEB6-32FF2867B402}.Debug|x86.Build.0 = Debug|Any CPU
		{9130426D-667E-43FE-BEB6-32FF2867B402}.Release|Any CPU.ActiveCfg = Release|Any CPU
		{9130426D-667E-43FE-BEB6-32FF2867B402}.Release|Any CPU.Build.0 = Release|Any CPU
		{9130426D-667E-43FE-BEB6-32FF2867B402}.Release|x64.ActiveCfg = Release|Any CPU
		{9130426D-667E-43FE-BEB6-32FF2867B402}.Release|x64.Build.0 = Release|Any CPU
		{9130426D-667E-43FE-BEB6-32FF2867B402}.Release|x86.ActiveCfg = Release|Any CPU
		{9130426D-667E-43FE-BEB6-32FF2867B402}.Release|x86.Build.0 = Release|Any CPU
		{4C51BFB4-3C3D-44B9-AD7F-29FA837B1099}.Debug|Any CPU.ActiveCfg = Debug|Any CPU
		{4C51BFB4-3C3D-44B9-AD7F-29FA837B1099}.Debug|Any CPU.Build.0 = Debug|Any CPU
		{4C51BFB4-3C3D-44B9-AD7F-29FA837B1099}.Debug|x64.ActiveCfg = Debug|Any CPU
		{4C51BFB4-3C3D-44B9-AD7F-29FA837B1099}.Debug|x64.Build.0 = Debug|Any CPU
		{4C51BFB4-3C3D-44B9-AD7F-29FA837B1099}.Debug|x86.ActiveCfg = Debug|Any CPU
		{4C51BFB4-3C3D-44B9-AD7F-29FA837B1099}.Debug|x86.Build.0 = Debug|Any CPU
		{4C51BFB4-3C3D-44B9-AD7F-29FA837B1099}.Release|Any CPU.ActiveCfg = Release|Any CPU
		{4C51BFB4-3C3D-44B9-AD7F-29FA837B1099}.Release|Any CPU.Build.0 = Release|Any CPU
		{4C51BFB4-3C3D-44B9-AD7F-29FA837B1099}.Release|x64.ActiveCfg = Release|Any CPU
		{4C51BFB4-3C3D-44B9-AD7F-29FA837B1099}.Release|x64.Build.0 = Release|Any CPU
		{4C51BFB4-3C3D-44B9-AD7F-29FA837B1099}.Release|x86.ActiveCfg = Release|Any CPU
		{4C51BFB4-3C3D-44B9-AD7F-29FA837B1099}.Release|x86.Build.0 = Release|Any CPU
		{3190BCF8-25D7-473C-A3F7-7A351BA2B1A9}.Debug|Any CPU.ActiveCfg = Debug|Any CPU
		{3190BCF8-25D7-473C-A3F7-7A351BA2B1A9}.Debug|Any CPU.Build.0 = Debug|Any CPU
		{3190BCF8-25D7-473C-A3F7-7A351BA2B1A9}.Debug|x64.ActiveCfg = Debug|Any CPU
		{3190BCF8-25D7-473C-A3F7-7A351BA2B1A9}.Debug|x64.Build.0 = Debug|Any CPU
		{3190BCF8-25D7-473C-A3F7-7A351BA2B1A9}.Debug|x86.ActiveCfg = Debug|Any CPU
		{3190BCF8-25D7-473C-A3F7-7A351BA2B1A9}.Debug|x86.Build.0 = Debug|Any CPU
		{3190BCF8-25D7-473C-A3F7-7A351BA2B1A9}.Release|Any CPU.ActiveCfg = Release|Any CPU
		{3190BCF8-25D7-473C-A3F7-7A351BA2B1A9}.Release|Any CPU.Build.0 = Release|Any CPU
		{3190BCF8-25D7-473C-A3F7-7A351BA2B1A9}.Release|x64.ActiveCfg = Release|Any CPU
		{3190BCF8-25D7-473C-A3F7-7A351BA2B1A9}.Release|x64.Build.0 = Release|Any CPU
		{3190BCF8-25D7-473C-A3F7-7A351BA2B1A9}.Release|x86.ActiveCfg = Release|Any CPU
		{3190BCF8-25D7-473C-A3F7-7A351BA2B1A9}.Release|x86.Build.0 = Release|Any CPU
		{D9DD2939-DE10-4405-A0F8-B9006490BEB1}.Debug|Any CPU.ActiveCfg = Debug|Any CPU
		{D9DD2939-DE10-4405-A0F8-B9006490BEB1}.Debug|Any CPU.Build.0 = Debug|Any CPU
		{D9DD2939-DE10-4405-A0F8-B9006490BEB1}.Debug|x64.ActiveCfg = Debug|Any CPU
		{D9DD2939-DE10-4405-A0F8-B9006490BEB1}.Debug|x64.Build.0 = Debug|Any CPU
		{D9DD2939-DE10-4405-A0F8-B9006490BEB1}.Debug|x86.ActiveCfg = Debug|Any CPU
		{D9DD2939-DE10-4405-A0F8-B9006490BEB1}.Debug|x86.Build.0 = Debug|Any CPU
		{D9DD2939-DE10-4405-A0F8-B9006490BEB1}.Release|Any CPU.ActiveCfg = Release|Any CPU
		{D9DD2939-DE10-4405-A0F8-B9006490BEB1}.Release|Any CPU.Build.0 = Release|Any CPU
		{D9DD2939-DE10-4405-A0F8-B9006490BEB1}.Release|x64.ActiveCfg = Release|Any CPU
		{D9DD2939-DE10-4405-A0F8-B9006490BEB1}.Release|x64.Build.0 = Release|Any CPU
		{D9DD2939-DE10-4405-A0F8-B9006490BEB1}.Release|x86.ActiveCfg = Release|Any CPU
		{D9DD2939-DE10-4405-A0F8-B9006490BEB1}.Release|x86.Build.0 = Release|Any CPU
		{201BAF6C-F6A3-40BA-90FB-3E05BCADC553}.Debug|Any CPU.ActiveCfg = Debug|Any CPU
		{201BAF6C-F6A3-40BA-90FB-3E05BCADC553}.Debug|Any CPU.Build.0 = Debug|Any CPU
		{201BAF6C-F6A3-40BA-90FB-3E05BCADC553}.Debug|x64.ActiveCfg = Debug|Any CPU
		{201BAF6C-F6A3-40BA-90FB-3E05BCADC553}.Debug|x64.Build.0 = Debug|Any CPU
		{201BAF6C-F6A3-40BA-90FB-3E05BCADC553}.Debug|x86.ActiveCfg = Debug|Any CPU
		{201BAF6C-F6A3-40BA-90FB-3E05BCADC553}.Debug|x86.Build.0 = Debug|Any CPU
		{201BAF6C-F6A3-40BA-90FB-3E05BCADC553}.Release|Any CPU.ActiveCfg = Release|Any CPU
		{201BAF6C-F6A3-40BA-90FB-3E05BCADC553}.Release|Any CPU.Build.0 = Release|Any CPU
		{201BAF6C-F6A3-40BA-90FB-3E05BCADC553}.Release|x64.ActiveCfg = Release|Any CPU
		{201BAF6C-F6A3-40BA-90FB-3E05BCADC553}.Release|x64.Build.0 = Release|Any CPU
		{201BAF6C-F6A3-40BA-90FB-3E05BCADC553}.Release|x86.ActiveCfg = Release|Any CPU
		{201BAF6C-F6A3-40BA-90FB-3E05BCADC553}.Release|x86.Build.0 = Release|Any CPU
		{7A294CEA-1B28-4A73-ACA4-3A1D876B0CEF}.Debug|Any CPU.ActiveCfg = Debug|Any CPU
		{7A294CEA-1B28-4A73-ACA4-3A1D876B0CEF}.Debug|Any CPU.Build.0 = Debug|Any CPU
		{7A294CEA-1B28-4A73-ACA4-3A1D876B0CEF}.Debug|x64.ActiveCfg = Debug|Any CPU
		{7A294CEA-1B28-4A73-ACA4-3A1D876B0CEF}.Debug|x64.Build.0 = Debug|Any CPU
		{7A294CEA-1B28-4A73-ACA4-3A1D876B0CEF}.Debug|x86.ActiveCfg = Debug|Any CPU
		{7A294CEA-1B28-4A73-ACA4-3A1D876B0CEF}.Debug|x86.Build.0 = Debug|Any CPU
		{7A294CEA-1B28-4A73-ACA4-3A1D876B0CEF}.Release|Any CPU.ActiveCfg = Release|Any CPU
		{7A294CEA-1B28-4A73-ACA4-3A1D876B0CEF}.Release|Any CPU.Build.0 = Release|Any CPU
		{7A294CEA-1B28-4A73-ACA4-3A1D876B0CEF}.Release|x64.ActiveCfg = Release|Any CPU
		{7A294CEA-1B28-4A73-ACA4-3A1D876B0CEF}.Release|x64.Build.0 = Release|Any CPU
		{7A294CEA-1B28-4A73-ACA4-3A1D876B0CEF}.Release|x86.ActiveCfg = Release|Any CPU
		{7A294CEA-1B28-4A73-ACA4-3A1D876B0CEF}.Release|x86.Build.0 = Release|Any CPU
		{F75FA757-9231-4FB6-8F76-E26F0B7ADCA3}.Debug|Any CPU.ActiveCfg = Debug|Any CPU
		{F75FA757-9231-4FB6-8F76-E26F0B7ADCA3}.Debug|Any CPU.Build.0 = Debug|Any CPU
		{F75FA757-9231-4FB6-8F76-E26F0B7ADCA3}.Debug|x64.ActiveCfg = Debug|Any CPU
		{F75FA757-9231-4FB6-8F76-E26F0B7ADCA3}.Debug|x64.Build.0 = Debug|Any CPU
		{F75FA757-9231-4FB6-8F76-E26F0B7ADCA3}.Debug|x86.ActiveCfg = Debug|Any CPU
		{F75FA757-9231-4FB6-8F76-E26F0B7ADCA3}.Debug|x86.Build.0 = Debug|Any CPU
		{F75FA757-9231-4FB6-8F76-E26F0B7ADCA3}.Release|Any CPU.ActiveCfg = Release|Any CPU
		{F75FA757-9231-4FB6-8F76-E26F0B7ADCA3}.Release|Any CPU.Build.0 = Release|Any CPU
		{F75FA757-9231-4FB6-8F76-E26F0B7ADCA3}.Release|x64.ActiveCfg = Release|Any CPU
		{F75FA757-9231-4FB6-8F76-E26F0B7ADCA3}.Release|x64.Build.0 = Release|Any CPU
		{F75FA757-9231-4FB6-8F76-E26F0B7ADCA3}.Release|x86.ActiveCfg = Release|Any CPU
		{F75FA757-9231-4FB6-8F76-E26F0B7ADCA3}.Release|x86.Build.0 = Release|Any CPU
		{B2BD361E-E70F-4885-95FC-A71001B8E503}.Debug|Any CPU.ActiveCfg = Debug|Any CPU
		{B2BD361E-E70F-4885-95FC-A71001B8E503}.Debug|Any CPU.Build.0 = Debug|Any CPU
		{B2BD361E-E70F-4885-95FC-A71001B8E503}.Debug|x64.ActiveCfg = Debug|Any CPU
		{B2BD361E-E70F-4885-95FC-A71001B8E503}.Debug|x64.Build.0 = Debug|Any CPU
		{B2BD361E-E70F-4885-95FC-A71001B8E503}.Debug|x86.ActiveCfg = Debug|Any CPU
		{B2BD361E-E70F-4885-95FC-A71001B8E503}.Debug|x86.Build.0 = Debug|Any CPU
		{B2BD361E-E70F-4885-95FC-A71001B8E503}.Release|Any CPU.ActiveCfg = Release|Any CPU
		{B2BD361E-E70F-4885-95FC-A71001B8E503}.Release|Any CPU.Build.0 = Release|Any CPU
		{B2BD361E-E70F-4885-95FC-A71001B8E503}.Release|x64.ActiveCfg = Release|Any CPU
		{B2BD361E-E70F-4885-95FC-A71001B8E503}.Release|x64.Build.0 = Release|Any CPU
		{B2BD361E-E70F-4885-95FC-A71001B8E503}.Release|x86.ActiveCfg = Release|Any CPU
		{B2BD361E-E70F-4885-95FC-A71001B8E503}.Release|x86.Build.0 = Release|Any CPU
		{6ADBDE25-8449-4450-AE9B-E0BAF36EE776}.Debug|Any CPU.ActiveCfg = Debug|Any CPU
		{6ADBDE25-8449-4450-AE9B-E0BAF36EE776}.Debug|Any CPU.Build.0 = Debug|Any CPU
		{6ADBDE25-8449-4450-AE9B-E0BAF36EE776}.Debug|x64.ActiveCfg = Debug|Any CPU
		{6ADBDE25-8449-4450-AE9B-E0BAF36EE776}.Debug|x64.Build.0 = Debug|Any CPU
		{6ADBDE25-8449-4450-AE9B-E0BAF36EE776}.Debug|x86.ActiveCfg = Debug|Any CPU
		{6ADBDE25-8449-4450-AE9B-E0BAF36EE776}.Debug|x86.Build.0 = Debug|Any CPU
		{6ADBDE25-8449-4450-AE9B-E0BAF36EE776}.Release|Any CPU.ActiveCfg = Release|Any CPU
		{6ADBDE25-8449-4450-AE9B-E0BAF36EE776}.Release|Any CPU.Build.0 = Release|Any CPU
		{6ADBDE25-8449-4450-AE9B-E0BAF36EE776}.Release|x64.ActiveCfg = Release|Any CPU
		{6ADBDE25-8449-4450-AE9B-E0BAF36EE776}.Release|x64.Build.0 = Release|Any CPU
		{6ADBDE25-8449-4450-AE9B-E0BAF36EE776}.Release|x86.ActiveCfg = Release|Any CPU
		{6ADBDE25-8449-4450-AE9B-E0BAF36EE776}.Release|x86.Build.0 = Release|Any CPU
		{453D6B78-6925-4B25-89CC-689F002BDFC0}.Debug|Any CPU.ActiveCfg = Debug|Any CPU
		{453D6B78-6925-4B25-89CC-689F002BDFC0}.Debug|Any CPU.Build.0 = Debug|Any CPU
		{453D6B78-6925-4B25-89CC-689F002BDFC0}.Debug|x64.ActiveCfg = Debug|Any CPU
		{453D6B78-6925-4B25-89CC-689F002BDFC0}.Debug|x64.Build.0 = Debug|Any CPU
		{453D6B78-6925-4B25-89CC-689F002BDFC0}.Debug|x86.ActiveCfg = Debug|Any CPU
		{453D6B78-6925-4B25-89CC-689F002BDFC0}.Debug|x86.Build.0 = Debug|Any CPU
		{453D6B78-6925-4B25-89CC-689F002BDFC0}.Release|Any CPU.ActiveCfg = Release|Any CPU
		{453D6B78-6925-4B25-89CC-689F002BDFC0}.Release|Any CPU.Build.0 = Release|Any CPU
		{453D6B78-6925-4B25-89CC-689F002BDFC0}.Release|x64.ActiveCfg = Release|Any CPU
		{453D6B78-6925-4B25-89CC-689F002BDFC0}.Release|x64.Build.0 = Release|Any CPU
		{453D6B78-6925-4B25-89CC-689F002BDFC0}.Release|x86.ActiveCfg = Release|Any CPU
		{453D6B78-6925-4B25-89CC-689F002BDFC0}.Release|x86.Build.0 = Release|Any CPU
		{235EAE89-E834-4347-B091-4B62F70ECC5C}.Debug|Any CPU.ActiveCfg = Debug|Any CPU
		{235EAE89-E834-4347-B091-4B62F70ECC5C}.Debug|Any CPU.Build.0 = Debug|Any CPU
		{235EAE89-E834-4347-B091-4B62F70ECC5C}.Debug|x64.ActiveCfg = Debug|Any CPU
		{235EAE89-E834-4347-B091-4B62F70ECC5C}.Debug|x64.Build.0 = Debug|Any CPU
		{235EAE89-E834-4347-B091-4B62F70ECC5C}.Debug|x86.ActiveCfg = Debug|Any CPU
		{235EAE89-E834-4347-B091-4B62F70ECC5C}.Debug|x86.Build.0 = Debug|Any CPU
		{235EAE89-E834-4347-B091-4B62F70ECC5C}.Release|Any CPU.ActiveCfg = Release|Any CPU
		{235EAE89-E834-4347-B091-4B62F70ECC5C}.Release|Any CPU.Build.0 = Release|Any CPU
		{235EAE89-E834-4347-B091-4B62F70ECC5C}.Release|x64.ActiveCfg = Release|Any CPU
		{235EAE89-E834-4347-B091-4B62F70ECC5C}.Release|x64.Build.0 = Release|Any CPU
		{235EAE89-E834-4347-B091-4B62F70ECC5C}.Release|x86.ActiveCfg = Release|Any CPU
		{235EAE89-E834-4347-B091-4B62F70ECC5C}.Release|x86.Build.0 = Release|Any CPU
		{BBDC6C35-466C-4903-B158-EB4E3B91EBD6}.Debug|Any CPU.ActiveCfg = Debug|Any CPU
		{BBDC6C35-466C-4903-B158-EB4E3B91EBD6}.Debug|Any CPU.Build.0 = Debug|Any CPU
		{BBDC6C35-466C-4903-B158-EB4E3B91EBD6}.Debug|x64.ActiveCfg = Debug|Any CPU
		{BBDC6C35-466C-4903-B158-EB4E3B91EBD6}.Debug|x64.Build.0 = Debug|Any CPU
		{BBDC6C35-466C-4903-B158-EB4E3B91EBD6}.Debug|x86.ActiveCfg = Debug|Any CPU
		{BBDC6C35-466C-4903-B158-EB4E3B91EBD6}.Debug|x86.Build.0 = Debug|Any CPU
		{BBDC6C35-466C-4903-B158-EB4E3B91EBD6}.Release|Any CPU.ActiveCfg = Release|Any CPU
		{BBDC6C35-466C-4903-B158-EB4E3B91EBD6}.Release|Any CPU.Build.0 = Release|Any CPU
		{BBDC6C35-466C-4903-B158-EB4E3B91EBD6}.Release|x64.ActiveCfg = Release|Any CPU
		{BBDC6C35-466C-4903-B158-EB4E3B91EBD6}.Release|x64.Build.0 = Release|Any CPU
		{BBDC6C35-466C-4903-B158-EB4E3B91EBD6}.Release|x86.ActiveCfg = Release|Any CPU
		{BBDC6C35-466C-4903-B158-EB4E3B91EBD6}.Release|x86.Build.0 = Release|Any CPU
		{8838C3AB-316E-45EF-B8F5-0C7C48B6AC63}.Debug|Any CPU.ActiveCfg = Debug|Any CPU
		{8838C3AB-316E-45EF-B8F5-0C7C48B6AC63}.Debug|Any CPU.Build.0 = Debug|Any CPU
		{8838C3AB-316E-45EF-B8F5-0C7C48B6AC63}.Debug|x64.ActiveCfg = Debug|Any CPU
		{8838C3AB-316E-45EF-B8F5-0C7C48B6AC63}.Debug|x64.Build.0 = Debug|Any CPU
		{8838C3AB-316E-45EF-B8F5-0C7C48B6AC63}.Debug|x86.ActiveCfg = Debug|Any CPU
		{8838C3AB-316E-45EF-B8F5-0C7C48B6AC63}.Debug|x86.Build.0 = Debug|Any CPU
		{8838C3AB-316E-45EF-B8F5-0C7C48B6AC63}.Release|Any CPU.ActiveCfg = Release|Any CPU
		{8838C3AB-316E-45EF-B8F5-0C7C48B6AC63}.Release|Any CPU.Build.0 = Release|Any CPU
		{8838C3AB-316E-45EF-B8F5-0C7C48B6AC63}.Release|x64.ActiveCfg = Release|Any CPU
		{8838C3AB-316E-45EF-B8F5-0C7C48B6AC63}.Release|x64.Build.0 = Release|Any CPU
		{8838C3AB-316E-45EF-B8F5-0C7C48B6AC63}.Release|x86.ActiveCfg = Release|Any CPU
		{8838C3AB-316E-45EF-B8F5-0C7C48B6AC63}.Release|x86.Build.0 = Release|Any CPU
		{22C63200-F876-41E8-83E0-EAAFD143C513}.Debug|Any CPU.ActiveCfg = Debug|Any CPU
		{22C63200-F876-41E8-83E0-EAAFD143C513}.Debug|Any CPU.Build.0 = Debug|Any CPU
		{22C63200-F876-41E8-83E0-EAAFD143C513}.Debug|x64.ActiveCfg = Debug|Any CPU
		{22C63200-F876-41E8-83E0-EAAFD143C513}.Debug|x64.Build.0 = Debug|Any CPU
		{22C63200-F876-41E8-83E0-EAAFD143C513}.Debug|x86.ActiveCfg = Debug|Any CPU
		{22C63200-F876-41E8-83E0-EAAFD143C513}.Debug|x86.Build.0 = Debug|Any CPU
		{22C63200-F876-41E8-83E0-EAAFD143C513}.Release|Any CPU.ActiveCfg = Release|Any CPU
		{22C63200-F876-41E8-83E0-EAAFD143C513}.Release|Any CPU.Build.0 = Release|Any CPU
		{22C63200-F876-41E8-83E0-EAAFD143C513}.Release|x64.ActiveCfg = Release|Any CPU
		{22C63200-F876-41E8-83E0-EAAFD143C513}.Release|x64.Build.0 = Release|Any CPU
		{22C63200-F876-41E8-83E0-EAAFD143C513}.Release|x86.ActiveCfg = Release|Any CPU
		{22C63200-F876-41E8-83E0-EAAFD143C513}.Release|x86.Build.0 = Release|Any CPU
	EndGlobalSection
	GlobalSection(SolutionProperties) = preSolution
		HideSolutionNode = FALSE
	EndGlobalSection
	GlobalSection(NestedProjects) = preSolution
		{4C51BFB4-3C3D-44B9-AD7F-29FA837B1099} = {8C9022E2-80EC-45FA-A42A-8B51545E5200}
		{3190BCF8-25D7-473C-A3F7-7A351BA2B1A9} = {8C9022E2-80EC-45FA-A42A-8B51545E5200}
		{D9DD2939-DE10-4405-A0F8-B9006490BEB1} = {8C9022E2-80EC-45FA-A42A-8B51545E5200}
		{7A294CEA-1B28-4A73-ACA4-3A1D876B0CEF} = {8C9022E2-80EC-45FA-A42A-8B51545E5200}
		{F75FA757-9231-4FB6-8F76-E26F0B7ADCA3} = {8C9022E2-80EC-45FA-A42A-8B51545E5200}
		{B2BD361E-E70F-4885-95FC-A71001B8E503} = {8C9022E2-80EC-45FA-A42A-8B51545E5200}
		{6ADBDE25-8449-4450-AE9B-E0BAF36EE776} = {8C9022E2-80EC-45FA-A42A-8B51545E5200}
		{453D6B78-6925-4B25-89CC-689F002BDFC0} = {8C9022E2-80EC-45FA-A42A-8B51545E5200}
		{235EAE89-E834-4347-B091-4B62F70ECC5C} = {8C9022E2-80EC-45FA-A42A-8B51545E5200}
		{BBDC6C35-466C-4903-B158-EB4E3B91EBD6} = {8C9022E2-80EC-45FA-A42A-8B51545E5200}
		{8838C3AB-316E-45EF-B8F5-0C7C48B6AC63} = {8C9022E2-80EC-45FA-A42A-8B51545E5200}
		{22C63200-F876-41E8-83E0-EAAFD143C513} = {8C9022E2-80EC-45FA-A42A-8B51545E5200}
	EndGlobalSection
	GlobalSection(ExtensibilityGlobals) = postSolution
		SolutionGuid = {37758BFD-959D-44E3-AFED-8CF4FEA01F32}
	EndGlobalSection
EndGlobal
